// !$*UTF8*$!
{
	archiveVersion = 1;
	classes = {
	};
	objectVersion = 46;
	objects = {

/* Begin PBXAggregateTarget section */
		2C5ECAF1BD3439FAFE7C4772 /* ZERO_CHECK */ = {
			isa = PBXAggregateTarget;
			buildConfigurationList = 5A06275D81624347A095B298 /* Build configuration list for PBXAggregateTarget "ZERO_CHECK" */;
			buildPhases = (
				187935549C48EC833767F3A8 /* Generate CMakeFiles/ZERO_CHECK */,
			);
			dependencies = (
			);
			name = ZERO_CHECK;
			productName = ZERO_CHECK;
		};
		8B2D6C78A36421F6F33C2AD9 /* ALL_BUILD */ = {
			isa = PBXAggregateTarget;
			buildConfigurationList = D8AF8CBA173D404AB9C63FCA /* Build configuration list for PBXAggregateTarget "ALL_BUILD" */;
			buildPhases = (
				222A58BA6AF57664AB8197AD /* Generate CMakeFiles/ALL_BUILD */,
			);
			dependencies = (
				F282FEFDEA80492C97C42EC2 /* PBXTargetDependency */,
				8360BF9565C94E30BD02A481 /* PBXTargetDependency */,
			);
			name = ALL_BUILD;
			productName = ALL_BUILD;
		};
		E5681C22395881491D8B2285 /* install */ = {
			isa = PBXAggregateTarget;
			buildConfigurationList = 29F984C72877473AA8E87AB9 /* Build configuration list for PBXAggregateTarget "install" */;
			buildPhases = (
				93426DA6A4AC2C2AC9CE883C /* CMake PostBuild Rules */,
			);
			dependencies = (
				C569ED2E5A594C5B80B8E2B5 /* PBXTargetDependency */,
			);
			name = install;
			productName = install;
		};
/* End PBXAggregateTarget section */

/* Begin PBXBuildFile section */
		007B35BF85D24D9BA1B5C90F /* /Users/troycarson/Documents/JUCE Projects/PampleTest/JUCE/modules/juce_core/juce_core.mm */ = {isa = PBXBuildFile; fileRef = C3B18C69E87141DE8FADD015 /* /Users/troycarson/Documents/JUCE Projects/PampleTest/JUCE/modules/juce_core/juce_core.mm */; };
		0EDA8F4841D743509CD0BB19 /* /Applications/Xcode.app/Contents/Developer/Platforms/MacOSX.platform/Developer/SDKs/MacOSX26.0.sdk/System/Library/Frameworks/Cocoa.framework */ = {isa = PBXBuildFile; fileRef = A66854BFDA574A5F9669995A /* /Applications/Xcode.app/Contents/Developer/Platforms/MacOSX.platform/Developer/SDKs/MacOSX26.0.sdk/System/Library/Frameworks/Cocoa.framework */; };
		13109AE8BE9F42DF81F54532 /* /Applications/Xcode.app/Contents/Developer/Platforms/MacOSX.platform/Developer/SDKs/MacOSX26.0.sdk/System/Library/Frameworks/QuartzCore.framework */ = {isa = PBXBuildFile; fileRef = B13FCE917E8A4ADAB58B1831 /* /Applications/Xcode.app/Contents/Developer/Platforms/MacOSX.platform/Developer/SDKs/MacOSX26.0.sdk/System/Library/Frameworks/QuartzCore.framework */; };
		3147B141CF1148D4ABB0B96A /* /Applications/Xcode.app/Contents/Developer/Platforms/MacOSX.platform/Developer/SDKs/MacOSX26.0.sdk/System/Library/Frameworks/Foundation.framework */ = {isa = PBXBuildFile; fileRef = AA7D70B1C60542769613D1B3 /* /Applications/Xcode.app/Contents/Developer/Platforms/MacOSX.platform/Developer/SDKs/MacOSX26.0.sdk/System/Library/Frameworks/Foundation.framework */; };
		39A9B1AFF23D4C56B63ECC69 /* /Users/troycarson/Documents/JUCE Projects/PampleTest/JUCE/extras/Build/juceaide/Main.cpp */ = {isa = PBXBuildFile; fileRef = 495D8234188A49E58F06915D /* /Users/troycarson/Documents/JUCE Projects/PampleTest/JUCE/extras/Build/juceaide/Main.cpp */; };
		81245285D9B8432492476AA3 /* /Users/troycarson/Documents/JUCE Projects/PampleTest/JUCE/modules/juce_graphics/juce_graphics_Harfbuzz.cpp */ = {isa = PBXBuildFile; fileRef = 2E259BFE05A448A5A516BBAD /* /Users/troycarson/Documents/JUCE Projects/PampleTest/JUCE/modules/juce_graphics/juce_graphics_Harfbuzz.cpp */; };
		9BEFD6F85B7E441AAB46EAD3 /* /Users/troycarson/Documents/JUCE Projects/PampleTest/JUCE/modules/juce_events/juce_events.mm */ = {isa = PBXBuildFile; fileRef = 7A3DB40DD7BB4DF6AA9E4BA3 /* /Users/troycarson/Documents/JUCE Projects/PampleTest/JUCE/modules/juce_events/juce_events.mm */; };
		A7FF2EE4CC34440990C84828 /* /Users/troycarson/Documents/JUCE Projects/PampleTest/JUCE/modules/juce_data_structures/juce_data_structures.mm */ = {isa = PBXBuildFile; fileRef = 36B7C1E1BA85481186ED9C55 /* /Users/troycarson/Documents/JUCE Projects/PampleTest/JUCE/modules/juce_data_structures/juce_data_structures.mm */; };
		AEA8CB8EFE854EFF9CF5D775 /* /Applications/Xcode.app/Contents/Developer/Platforms/MacOSX.platform/Developer/SDKs/MacOSX26.0.sdk/System/Library/Frameworks/Security.framework */ = {isa = PBXBuildFile; fileRef = 7D9C5B80C3B1405BB00EFF75 /* /Applications/Xcode.app/Contents/Developer/Platforms/MacOSX.platform/Developer/SDKs/MacOSX26.0.sdk/System/Library/Frameworks/Security.framework */; };
		B61DA5684C9E41FFB1CA1FC4 /* /Applications/Xcode.app/Contents/Developer/Platforms/MacOSX.platform/Developer/SDKs/MacOSX26.0.sdk/System/Library/Frameworks/IOKit.framework */ = {isa = PBXBuildFile; fileRef = 443578BE728744809083581C /* /Applications/Xcode.app/Contents/Developer/Platforms/MacOSX.platform/Developer/SDKs/MacOSX26.0.sdk/System/Library/Frameworks/IOKit.framework */; };
		C55CED3A645B48A6866F353D /* /Users/troycarson/Documents/JUCE Projects/PampleTest/JUCE/modules/juce_gui_basics/juce_gui_basics.mm */ = {isa = PBXBuildFile; fileRef = 6D796545DFF645909E4BA55B /* /Users/troycarson/Documents/JUCE Projects/PampleTest/JUCE/modules/juce_gui_basics/juce_gui_basics.mm */; };
		C985712ECAD34165BB47CBE6 /* /Users/troycarson/Documents/JUCE Projects/PampleTest/JUCE/modules/juce_graphics/juce_graphics_Sheenbidi.c */ = {isa = PBXBuildFile; fileRef = 9A7D810F4C63464AA34CE520 /* /Users/troycarson/Documents/JUCE Projects/PampleTest/JUCE/modules/juce_graphics/juce_graphics_Sheenbidi.c */; };
		D5D12337D7A84182AF6C859D /* /Users/troycarson/Documents/JUCE Projects/PampleTest/JUCE/modules/juce_core/juce_core_CompilationTime.cpp */ = {isa = PBXBuildFile; fileRef = 55EF80DF441B467DB64B31A6 /* /Users/troycarson/Documents/JUCE Projects/PampleTest/JUCE/modules/juce_core/juce_core_CompilationTime.cpp */; };
		DDB28D857C5348E2BF379C31 /* /Users/troycarson/Documents/JUCE Projects/PampleTest/JUCE/extras/Build/juceaide/CMakeLists.txt */ = {isa = PBXBuildFile; fileRef = 150D23F2DB1F45F796951913 /* /Users/troycarson/Documents/JUCE Projects/PampleTest/JUCE/extras/Build/juceaide/CMakeLists.txt */; };
		DDF86AC55C7847369FC737A5 /* /Users/troycarson/Documents/JUCE Projects/PampleTest/JUCE/modules/juce_graphics/juce_graphics.mm */ = {isa = PBXBuildFile; fileRef = 0B19EF8DD8E347A89F15EEB4 /* /Users/troycarson/Documents/JUCE Projects/PampleTest/JUCE/modules/juce_graphics/juce_graphics.mm */; };
		DFA27CEC08F547FF82A5D1FA /* /Users/troycarson/Documents/JUCE Projects/PampleTest/JUCE/extras/Build/juce_build_tools/juce_build_tools.cpp */ = {isa = PBXBuildFile; fileRef = 21ABEC57EABA4DBC9CE2C2C2 /* /Users/troycarson/Documents/JUCE Projects/PampleTest/JUCE/extras/Build/juce_build_tools/juce_build_tools.cpp */; };
/* End PBXBuildFile section */

/* Begin PBXBuildStyle section */
		972C35F873154D31B8B688BA /* Custom */ = {
			isa = PBXBuildStyle;
			buildSettings = {
				COPY_PHASE_STRIP = NO;
			};
			name = Custom;
		};
/* End PBXBuildStyle section */

/* Begin PBXContainerItemProxy section */
		099C2D3A33064675BF520B93 /* PBXContainerItemProxy */ = {
			isa = PBXContainerItemProxy;
			containerPortal = 462DDD7DA7D14BF0B96238A1 /* Project object */;
			proxyType = 1;
			remoteGlobalIDString = 8B2D6C78A36421F6F33C2AD9;
			remoteInfo = ALL_BUILD;
		};
		134CCE86F95E4869B970A108 /* PBXContainerItemProxy */ = {
			isa = PBXContainerItemProxy;
			containerPortal = 462DDD7DA7D14BF0B96238A1 /* Project object */;
			proxyType = 1;
			remoteGlobalIDString = 2C5ECAF1BD3439FAFE7C4772;
			remoteInfo = ZERO_CHECK;
		};
		8027629B222D4984AE2F99C1 /* PBXContainerItemProxy */ = {
			isa = PBXContainerItemProxy;
			containerPortal = 462DDD7DA7D14BF0B96238A1 /* Project object */;
			proxyType = 1;
			remoteGlobalIDString = 2C5ECAF1BD3439FAFE7C4772;
			remoteInfo = ZERO_CHECK;
		};
		88AE70A5B7984E71A58D09F9 /* PBXContainerItemProxy */ = {
			isa = PBXContainerItemProxy;
			containerPortal = 462DDD7DA7D14BF0B96238A1 /* Project object */;
			proxyType = 1;
			remoteGlobalIDString = CEE75BB69C85C9BCBA6ECC35;
			remoteInfo = juceaide;
		};
/* End PBXContainerItemProxy section */

/* Begin PBXFileReference section */
		0B19EF8DD8E347A89F15EEB4 /* /Users/troycarson/Documents/JUCE Projects/PampleTest/JUCE/modules/juce_graphics/juce_graphics.mm */ = {isa = PBXFileReference; explicitFileType = sourcecode.cpp.objcpp; fileEncoding = 4; name = juce_graphics.mm; path = modules/juce_graphics/juce_graphics.mm; sourceTree = SOURCE_ROOT; };
		0C5A628A00284F8FBFD2F935 /* /Users/troycarson/Documents/JUCE Projects/PampleTest/JUCE/CMakeLists.txt */ = {isa = PBXFileReference; explicitFileType = sourcecode.text; fileEncoding = 4; name = CMakeLists.txt; path = CMakeLists.txt; sourceTree = SOURCE_ROOT; };
		150D23F2DB1F45F796951913 /* /Users/troycarson/Documents/JUCE Projects/PampleTest/JUCE/extras/Build/juceaide/CMakeLists.txt */ = {isa = PBXFileReference; explicitFileType = sourcecode.text; fileEncoding = 4; name = CMakeLists.txt; path = extras/Build/juceaide/CMakeLists.txt; sourceTree = SOURCE_ROOT; };
		21ABEC57EABA4DBC9CE2C2C2 /* /Users/troycarson/Documents/JUCE Projects/PampleTest/JUCE/extras/Build/juce_build_tools/juce_build_tools.cpp */ = {isa = PBXFileReference; explicitFileType = sourcecode.cpp.cpp; fileEncoding = 4; name = juce_build_tools.cpp; path = extras/Build/juce_build_tools/juce_build_tools.cpp; sourceTree = SOURCE_ROOT; };
		2E259BFE05A448A5A516BBAD /* /Users/troycarson/Documents/JUCE Projects/PampleTest/JUCE/modules/juce_graphics/juce_graphics_Harfbuzz.cpp */ = {isa = PBXFileReference; explicitFileType = sourcecode.cpp.cpp; fileEncoding = 4; name = juce_graphics_Harfbuzz.cpp; path = modules/juce_graphics/juce_graphics_Harfbuzz.cpp; sourceTree = SOURCE_ROOT; };
		36B7C1E1BA85481186ED9C55 /* /Users/troycarson/Documents/JUCE Projects/PampleTest/JUCE/modules/juce_data_structures/juce_data_structures.mm */ = {isa = PBXFileReference; explicitFileType = sourcecode.cpp.objcpp; fileEncoding = 4; name = juce_data_structures.mm; path = modules/juce_data_structures/juce_data_structures.mm; sourceTree = SOURCE_ROOT; };
		443578BE728744809083581C /* /Applications/Xcode.app/Contents/Developer/Platforms/MacOSX.platform/Developer/SDKs/MacOSX26.0.sdk/System/Library/Frameworks/IOKit.framework */ = {isa = PBXFileReference; fileEncoding = 4; lastKnownFileType = wrapper.framework; name = IOKit.framework; path = /Applications/Xcode.app/Contents/Developer/Platforms/MacOSX.platform/Developer/SDKs/MacOSX26.0.sdk/System/Library/Frameworks/IOKit.framework; sourceTree = "<absolute>"; };
		495D8234188A49E58F06915D /* /Users/troycarson/Documents/JUCE Projects/PampleTest/JUCE/extras/Build/juceaide/Main.cpp */ = {isa = PBXFileReference; explicitFileType = sourcecode.cpp.cpp; fileEncoding = 4; name = Main.cpp; path = extras/Build/juceaide/Main.cpp; sourceTree = SOURCE_ROOT; };
		54A973D43CF3427D8FA89108 /* juceaide */ = {isa = PBXFileReference; explicitFileType = "compiled.mach-o.executable"; path = juceaide; sourceTree = BUILT_PRODUCTS_DIR; };
		55EF80DF441B467DB64B31A6 /* /Users/troycarson/Documents/JUCE Projects/PampleTest/JUCE/modules/juce_core/juce_core_CompilationTime.cpp */ = {isa = PBXFileReference; explicitFileType = sourcecode.cpp.cpp; fileEncoding = 4; name = juce_core_CompilationTime.cpp; path = modules/juce_core/juce_core_CompilationTime.cpp; sourceTree = SOURCE_ROOT; };
		6D796545DFF645909E4BA55B /* /Users/troycarson/Documents/JUCE Projects/PampleTest/JUCE/modules/juce_gui_basics/juce_gui_basics.mm */ = {isa = PBXFileReference; explicitFileType = sourcecode.cpp.objcpp; fileEncoding = 4; name = juce_gui_basics.mm; path = modules/juce_gui_basics/juce_gui_basics.mm; sourceTree = SOURCE_ROOT; };
		7A3DB40DD7BB4DF6AA9E4BA3 /* /Users/troycarson/Documents/JUCE Projects/PampleTest/JUCE/modules/juce_events/juce_events.mm */ = {isa = PBXFileReference; explicitFileType = sourcecode.cpp.objcpp; fileEncoding = 4; name = juce_events.mm; path = modules/juce_events/juce_events.mm; sourceTree = SOURCE_ROOT; };
		7D9C5B80C3B1405BB00EFF75 /* /Applications/Xcode.app/Contents/Developer/Platforms/MacOSX.platform/Developer/SDKs/MacOSX26.0.sdk/System/Library/Frameworks/Security.framework */ = {isa = PBXFileReference; fileEncoding = 4; lastKnownFileType = wrapper.framework; name = Security.framework; path = /Applications/Xcode.app/Contents/Developer/Platforms/MacOSX.platform/Developer/SDKs/MacOSX26.0.sdk/System/Library/Frameworks/Security.framework; sourceTree = "<absolute>"; };
		9A7D810F4C63464AA34CE520 /* /Users/troycarson/Documents/JUCE Projects/PampleTest/JUCE/modules/juce_graphics/juce_graphics_Sheenbidi.c */ = {isa = PBXFileReference; explicitFileType = sourcecode.c.c; fileEncoding = 4; name = juce_graphics_Sheenbidi.c; path = modules/juce_graphics/juce_graphics_Sheenbidi.c; sourceTree = SOURCE_ROOT; };
		A66854BFDA574A5F9669995A /* /Applications/Xcode.app/Contents/Developer/Platforms/MacOSX.platform/Developer/SDKs/MacOSX26.0.sdk/System/Library/Frameworks/Cocoa.framework */ = {isa = PBXFileReference; fileEncoding = 4; lastKnownFileType = wrapper.framework; name = Cocoa.framework; path = /Applications/Xcode.app/Contents/Developer/Platforms/MacOSX.platform/Developer/SDKs/MacOSX26.0.sdk/System/Library/Frameworks/Cocoa.framework; sourceTree = "<absolute>"; };
		AA7D70B1C60542769613D1B3 /* /Applications/Xcode.app/Contents/Developer/Platforms/MacOSX.platform/Developer/SDKs/MacOSX26.0.sdk/System/Library/Frameworks/Foundation.framework */ = {isa = PBXFileReference; fileEncoding = 4; lastKnownFileType = wrapper.framework; name = Foundation.framework; path = /Applications/Xcode.app/Contents/Developer/Platforms/MacOSX.platform/Developer/SDKs/MacOSX26.0.sdk/System/Library/Frameworks/Foundation.framework; sourceTree = "<absolute>"; };
		B13FCE917E8A4ADAB58B1831 /* /Applications/Xcode.app/Contents/Developer/Platforms/MacOSX.platform/Developer/SDKs/MacOSX26.0.sdk/System/Library/Frameworks/QuartzCore.framework */ = {isa = PBXFileReference; fileEncoding = 4; lastKnownFileType = wrapper.framework; name = QuartzCore.framework; path = /Applications/Xcode.app/Contents/Developer/Platforms/MacOSX.platform/Developer/SDKs/MacOSX26.0.sdk/System/Library/Frameworks/QuartzCore.framework; sourceTree = "<absolute>"; };
		C3B18C69E87141DE8FADD015 /* /Users/troycarson/Documents/JUCE Projects/PampleTest/JUCE/modules/juce_core/juce_core.mm */ = {isa = PBXFileReference; explicitFileType = sourcecode.cpp.objcpp; fileEncoding = 4; name = juce_core.mm; path = modules/juce_core/juce_core.mm; sourceTree = SOURCE_ROOT; };
/* End PBXFileReference section */

/* Begin PBXFrameworksBuildPhase section */
		E1FA767953984E6199754ED5 /* Frameworks */ = {
			isa = PBXFrameworksBuildPhase;
			buildActionMask = 2147483647;
			files = (
			);
			runOnlyForDeploymentPostprocessing = 0;
		};
/* End PBXFrameworksBuildPhase section */

/* Begin PBXGroup section */
		3EF6359D88504B8BB7C33CCD /* Resources */ = {
			isa = PBXGroup;
			children = (
			);
			name = Resources;
			sourceTree = "<group>";
		};
		50CFC08760FA441EA487E4F8 /* Frameworks */ = {
			isa = PBXGroup;
			children = (
				B13FCE917E8A4ADAB58B1831 /* /Applications/Xcode.app/Contents/Developer/Platforms/MacOSX.platform/Developer/SDKs/MacOSX26.0.sdk/System/Library/Frameworks/QuartzCore.framework */,
				A66854BFDA574A5F9669995A /* /Applications/Xcode.app/Contents/Developer/Platforms/MacOSX.platform/Developer/SDKs/MacOSX26.0.sdk/System/Library/Frameworks/Cocoa.framework */,
				AA7D70B1C60542769613D1B3 /* /Applications/Xcode.app/Contents/Developer/Platforms/MacOSX.platform/Developer/SDKs/MacOSX26.0.sdk/System/Library/Frameworks/Foundation.framework */,
				443578BE728744809083581C /* /Applications/Xcode.app/Contents/Developer/Platforms/MacOSX.platform/Developer/SDKs/MacOSX26.0.sdk/System/Library/Frameworks/IOKit.framework */,
				7D9C5B80C3B1405BB00EFF75 /* /Applications/Xcode.app/Contents/Developer/Platforms/MacOSX.platform/Developer/SDKs/MacOSX26.0.sdk/System/Library/Frameworks/Security.framework */,
			);
			name = Frameworks;
			sourceTree = "<group>";
		};
		98E949DB5D6F4B6B884545B2 /* CMake Rules */ = {
			isa = PBXGroup;
			children = (
			);
			name = "CMake Rules";
			sourceTree = "<group>";
		};
		A5A2922A4A3A4312AD263570 = {
			isa = PBXGroup;
			children = (
				D044E093C29342D982F51DF8 /* ALL_BUILD */,
				FB0C72EFE1FA462DAAAAA08B /* juceaide */,
				E34C4F8CEE9B4E8F92DAB7FC /* Products */,
				50CFC08760FA441EA487E4F8 /* Frameworks */,
				3EF6359D88504B8BB7C33CCD /* Resources */,
			);
			sourceTree = "<group>";
		};
		D044E093C29342D982F51DF8 /* ALL_BUILD */ = {
			isa = PBXGroup;
			children = (
				98E949DB5D6F4B6B884545B2 /* CMake Rules */,
				0C5A628A00284F8FBFD2F935 /* /Users/troycarson/Documents/JUCE Projects/PampleTest/JUCE/CMakeLists.txt */,
			);
			name = ALL_BUILD;
			sourceTree = "<group>";
		};
		E34C4F8CEE9B4E8F92DAB7FC /* Products */ = {
			isa = PBXGroup;
			children = (
				54A973D43CF3427D8FA89108 /* juceaide */,
			);
			name = Products;
			sourceTree = "<group>";
		};
		ECB0EE9EFB194BCEAF18F576 /* Source Files */ = {
			isa = PBXGroup;
			children = (
				21ABEC57EABA4DBC9CE2C2C2 /* /Users/troycarson/Documents/JUCE Projects/PampleTest/JUCE/extras/Build/juce_build_tools/juce_build_tools.cpp */,
				495D8234188A49E58F06915D /* /Users/troycarson/Documents/JUCE Projects/PampleTest/JUCE/extras/Build/juceaide/Main.cpp */,
				C3B18C69E87141DE8FADD015 /* /Users/troycarson/Documents/JUCE Projects/PampleTest/JUCE/modules/juce_core/juce_core.mm */,
				55EF80DF441B467DB64B31A6 /* /Users/troycarson/Documents/JUCE Projects/PampleTest/JUCE/modules/juce_core/juce_core_CompilationTime.cpp */,
				36B7C1E1BA85481186ED9C55 /* /Users/troycarson/Documents/JUCE Projects/PampleTest/JUCE/modules/juce_data_structures/juce_data_structures.mm */,
				7A3DB40DD7BB4DF6AA9E4BA3 /* /Users/troycarson/Documents/JUCE Projects/PampleTest/JUCE/modules/juce_events/juce_events.mm */,
				0B19EF8DD8E347A89F15EEB4 /* /Users/troycarson/Documents/JUCE Projects/PampleTest/JUCE/modules/juce_graphics/juce_graphics.mm */,
				2E259BFE05A448A5A516BBAD /* /Users/troycarson/Documents/JUCE Projects/PampleTest/JUCE/modules/juce_graphics/juce_graphics_Harfbuzz.cpp */,
				9A7D810F4C63464AA34CE520 /* /Users/troycarson/Documents/JUCE Projects/PampleTest/JUCE/modules/juce_graphics/juce_graphics_Sheenbidi.c */,
				6D796545DFF645909E4BA55B /* /Users/troycarson/Documents/JUCE Projects/PampleTest/JUCE/modules/juce_gui_basics/juce_gui_basics.mm */,
			);
			name = "Source Files";
			sourceTree = "<group>";
		};
		FB0C72EFE1FA462DAAAAA08B /* juceaide */ = {
			isa = PBXGroup;
			children = (
				ECB0EE9EFB194BCEAF18F576 /* Source Files */,
				150D23F2DB1F45F796951913 /* /Users/troycarson/Documents/JUCE Projects/PampleTest/JUCE/extras/Build/juceaide/CMakeLists.txt */,
			);
			name = juceaide;
			sourceTree = "<group>";
		};
/* End PBXGroup section */

/* Begin PBXNativeTarget section */
		CEE75BB69C85C9BCBA6ECC35 /* juceaide */ = {
			isa = PBXNativeTarget;
			buildConfigurationList = 8FD5D615CF174EDB980493C0 /* Build configuration list for PBXNativeTarget "juceaide" */;
			buildPhases = (
				9277AFA790EC4BB7A5FA8574 /* Sources */,
				E1FA767953984E6199754ED5 /* Frameworks */,
			);
			buildRules = (
			);
			dependencies = (
				6AB121F394EA41F0B98104E3 /* PBXTargetDependency */,
			);
			name = juceaide;
			productName = juceaide;
			productReference = 54A973D43CF3427D8FA89108 /* juceaide */;
			productType = "com.apple.product-type.tool";
		};
/* End PBXNativeTarget section */

/* Begin PBXProject section */
		462DDD7DA7D14BF0B96238A1 /* Project object */ = {
			isa = PBXProject;
			attributes = {
				BuildIndependentTargetsInParallel = YES;
				LastUpgradeCheck = 2600;
			};
			buildConfigurationList = FC9B85FB668347B389A4A7DC /* Build configuration list for PBXProject "JUCE" */;
			buildSettings = {
			};
			buildStyles = (
				972C35F873154D31B8B688BA /* Custom */,
			);
			compatibilityVersion = "Xcode 3.2";
			hasScannedForEncodings = 0;
			mainGroup = A5A2922A4A3A4312AD263570;
			projectDirPath = "/Users/troycarson/Documents/JUCE Projects/PampleTest/JUCE";
			projectRoot = "";
			targets = (
				8B2D6C78A36421F6F33C2AD9 /* ALL_BUILD */,
				E5681C22395881491D8B2285 /* install */,
				CEE75BB69C85C9BCBA6ECC35 /* juceaide */,
				2C5ECAF1BD3439FAFE7C4772 /* ZERO_CHECK */,
			);
		};
/* End PBXProject section */

/* Begin PBXShellScriptBuildPhase section */
		187935549C48EC833767F3A8 /* Generate CMakeFiles/ZERO_CHECK */ = {
			isa = PBXShellScriptBuildPhase;
			alwaysOutOfDate = 1;
			buildActionMask = 2147483647;
			files = (
			);
			inputPaths = (
			);
			name = "Generate CMakeFiles/ZERO_CHECK";
			outputPaths = (
"/Users/troycarson/Documents/JUCE Projects/Stepper/build-universal/JUCE/tools/CMakeFiles/ZERO_CHECK"			);
			runOnlyForDeploymentPostprocessing = 0;
			shellPath = /bin/sh;
			shellScript = "set -e
if test \"$CONFIGURATION\" = \"Custom\"; then :
  cd \"/Users/troycarson/Documents/JUCE Projects/Stepper/build-universal/JUCE/tools\"
  make -f /Users/troycarson/Documents/JUCE\\ Projects/Stepper/build-universal/JUCE/tools/CMakeScripts/ReRunCMake.make
fi
";
			showEnvVarsInLog = 0;
		};
		222A58BA6AF57664AB8197AD /* Generate CMakeFiles/ALL_BUILD */ = {
			isa = PBXShellScriptBuildPhase;
			alwaysOutOfDate = 1;
			buildActionMask = 2147483647;
			files = (
			);
			inputPaths = (
			);
			name = "Generate CMakeFiles/ALL_BUILD";
			outputPaths = (
"/Users/troycarson/Documents/JUCE Projects/Stepper/build-universal/JUCE/tools/CMakeFiles/ALL_BUILD"			);
			runOnlyForDeploymentPostprocessing = 0;
			shellPath = /bin/sh;
			shellScript = "set -e
if test \"$CONFIGURATION\" = \"Custom\"; then :
  cd \"/Users/troycarson/Documents/JUCE Projects/Stepper/build-universal/JUCE/tools\"
  echo Build\\ all\\ projects
fi
";
			showEnvVarsInLog = 0;
		};
		3C0110FC8322DE7E50886E21 = {
			isa = PBXShellScriptBuildPhase;
			buildActionMask = 2147483647;
			files = (
			);
			inputPaths = (
			);
			outputPaths = (
			);
			runOnlyForDeploymentPostprocessing = 0;
			shellPath = /bin/sh;
			shellScript = "# shell script goes here
exit 0";
			showEnvVarsInLog = 0;
		};
		87AF4882E018677E2624B544 = {
			isa = PBXShellScriptBuildPhase;
			buildActionMask = 2147483647;
			files = (
			);
			inputPaths = (
			);
			outputPaths = (
			);
			runOnlyForDeploymentPostprocessing = 0;
			shellPath = /bin/sh;
			shellScript = "# shell script goes here
exit 0";
			showEnvVarsInLog = 0;
		};
		93426DA6A4AC2C2AC9CE883C /* CMake PostBuild Rules */ = {
			isa = PBXShellScriptBuildPhase;
			alwaysOutOfDate = 1;
			buildActionMask = 2147483647;
			files = (
			);
			name = "CMake PostBuild Rules";
			outputPaths = (
			);
			runOnlyForDeploymentPostprocessing = 0;
			shellPath = /bin/sh;
			shellScript = "set -e
if test \"$CONFIGURATION\" = \"Custom\"; then :
  cd \"/Users/troycarson/Documents/JUCE Projects/Stepper/build-universal/JUCE/tools\"
  /opt/homebrew/bin/cmake -DBUILD_TYPE=$CONFIGURATION$EFFECTIVE_PLATFORM_NAME -P cmake_install.cmake
fi
";
			showEnvVarsInLog = 0;
		};
		9B50530E35CC49C82C2FACCF = {
			isa = PBXShellScriptBuildPhase;
			buildActionMask = 2147483647;
			files = (
			);
			inputPaths = (
			);
			outputPaths = (
			);
			runOnlyForDeploymentPostprocessing = 0;
			shellPath = /bin/sh;
			shellScript = "# shell script goes here
exit 0";
			showEnvVarsInLog = 0;
		};
/* End PBXShellScriptBuildPhase section */

/* Begin PBXSourcesBuildPhase section */
		9277AFA790EC4BB7A5FA8574 /* Sources */ = {
			isa = PBXSourcesBuildPhase;
			buildActionMask = 2147483647;
			files = (
				DFA27CEC08F547FF82A5D1FA /* /Users/troycarson/Documents/JUCE Projects/PampleTest/JUCE/extras/Build/juce_build_tools/juce_build_tools.cpp */,
				39A9B1AFF23D4C56B63ECC69 /* /Users/troycarson/Documents/JUCE Projects/PampleTest/JUCE/extras/Build/juceaide/Main.cpp */,
				007B35BF85D24D9BA1B5C90F /* /Users/troycarson/Documents/JUCE Projects/PampleTest/JUCE/modules/juce_core/juce_core.mm */,
				D5D12337D7A84182AF6C859D /* /Users/troycarson/Documents/JUCE Projects/PampleTest/JUCE/modules/juce_core/juce_core_CompilationTime.cpp */,
				A7FF2EE4CC34440990C84828 /* /Users/troycarson/Documents/JUCE Projects/PampleTest/JUCE/modules/juce_data_structures/juce_data_structures.mm */,
				9BEFD6F85B7E441AAB46EAD3 /* /Users/troycarson/Documents/JUCE Projects/PampleTest/JUCE/modules/juce_events/juce_events.mm */,
				DDF86AC55C7847369FC737A5 /* /Users/troycarson/Documents/JUCE Projects/PampleTest/JUCE/modules/juce_graphics/juce_graphics.mm */,
				81245285D9B8432492476AA3 /* /Users/troycarson/Documents/JUCE Projects/PampleTest/JUCE/modules/juce_graphics/juce_graphics_Harfbuzz.cpp */,
				C985712ECAD34165BB47CBE6 /* /Users/troycarson/Documents/JUCE Projects/PampleTest/JUCE/modules/juce_graphics/juce_graphics_Sheenbidi.c */,
				C55CED3A645B48A6866F353D /* /Users/troycarson/Documents/JUCE Projects/PampleTest/JUCE/modules/juce_gui_basics/juce_gui_basics.mm */,
			);
			runOnlyForDeploymentPostprocessing = 0;
		};
/* End PBXSourcesBuildPhase section */

/* Begin PBXTargetDependency section */
		6AB121F394EA41F0B98104E3 /* PBXTargetDependency */ = {
			isa = PBXTargetDependency;
			target = 2C5ECAF1BD3439FAFE7C4772 /* ZERO_CHECK */;
			targetProxy = 8027629B222D4984AE2F99C1 /* PBXContainerItemProxy */;
		};
		8360BF9565C94E30BD02A481 /* PBXTargetDependency */ = {
			isa = PBXTargetDependency;
			target = 2C5ECAF1BD3439FAFE7C4772 /* ZERO_CHECK */;
			targetProxy = 134CCE86F95E4869B970A108 /* PBXContainerItemProxy */;
		};
		C569ED2E5A594C5B80B8E2B5 /* PBXTargetDependency */ = {
			isa = PBXTargetDependency;
			target = 8B2D6C78A36421F6F33C2AD9 /* ALL_BUILD */;
			targetProxy = 099C2D3A33064675BF520B93 /* PBXContainerItemProxy */;
		};
		F282FEFDEA80492C97C42EC2 /* PBXTargetDependency */ = {
			isa = PBXTargetDependency;
			target = CEE75BB69C85C9BCBA6ECC35 /* juceaide */;
			targetProxy = 88AE70A5B7984E71A58D09F9 /* PBXContainerItemProxy */;
		};
/* End PBXTargetDependency section */

/* Begin XCBuildConfiguration section */
		0F7A218BF87D4847B5BAC68A /* Custom */ = {
			isa = XCBuildConfiguration;
			buildSettings = {
				ALWAYS_SEARCH_USER_PATHS = NO;
				ARCHS = arm64;
				COMBINE_HIDPI_IMAGES = YES;
				GCC_GENERATE_DEBUGGING_SYMBOLS = YES;
				GCC_INLINES_ARE_PRIVATE_EXTERN = NO;
				GCC_OPTIMIZATION_LEVEL = 0;
				GCC_PREPROCESSOR_DEFINITIONS = ("'CMAKE_INTDIR=\"$(CONFIGURATION)$(EFFECTIVE_PLATFORM_NAME)\"'","$(inherited)");
				GCC_SYMBOLS_PRIVATE_EXTERN = NO;
				INSTALL_PATH = "";
				ONLY_ACTIVE_ARCH = NO;
				OTHER_LDFLAGS = ("","$(inherited)");
				OTHER_REZFLAGS = "";
				PRODUCT_NAME = install;
				SECTORDER_FLAGS = "";
				USE_HEADERMAP = NO;
				WARNING_CFLAGS = ("$(inherited)");
			};
			name = Custom;
		};
		12BA9C403F744AA89457A600 /* Custom */ = {
			isa = XCBuildConfiguration;
			buildSettings = {
				ALWAYS_SEARCH_USER_PATHS = NO;
				ARCHS = arm64;
				COMBINE_HIDPI_IMAGES = YES;
				GCC_GENERATE_DEBUGGING_SYMBOLS = YES;
				GCC_INLINES_ARE_PRIVATE_EXTERN = NO;
				GCC_OPTIMIZATION_LEVEL = 0;
				GCC_PREPROCESSOR_DEFINITIONS = ("'CMAKE_INTDIR=\"$(CONFIGURATION)$(EFFECTIVE_PLATFORM_NAME)\"'","$(inherited)");
				GCC_SYMBOLS_PRIVATE_EXTERN = NO;
				INSTALL_PATH = "";
				ONLY_ACTIVE_ARCH = NO;
				OTHER_LDFLAGS = ("","$(inherited)");
				OTHER_REZFLAGS = "";
				PRODUCT_NAME = ZERO_CHECK;
				SECTORDER_FLAGS = "";
				USE_HEADERMAP = NO;
				WARNING_CFLAGS = ("$(inherited)");
			};
			name = Custom;
		};
		31ACEEA7BB1945729B8AE3DD /* Custom */ = {
			isa = XCBuildConfiguration;
			buildSettings = {
				ARCHS = arm64;
				SDKROOT = "";
				SWIFT_COMPILATION_MODE = wholemodule;
				SYMROOT = "/Users/troycarson/Documents/JUCE Projects/Stepper/build-universal/JUCE/tools/build";
			};
			name = Custom;
		};
		6EEFFDF1B298407F8F87A744 /* Custom */ = {
			isa = XCBuildConfiguration;
			buildSettings = {
				ALWAYS_SEARCH_USER_PATHS = NO;
				ARCHS = arm64;
				COMBINE_HIDPI_IMAGES = YES;
				CONFIGURATION_BUILD_DIR = "/Users/troycarson/Documents/JUCE Projects/Stepper/build-universal/JUCE/tools/extras/Build/juceaide/juceaide_artefacts/Custom";
				EXECUTABLE_PREFIX = "";
				EXECUTABLE_SUFFIX = "";
				GCC_GENERATE_DEBUGGING_SYMBOLS = NO;
				GCC_INLINES_ARE_PRIVATE_EXTERN = NO;
				GCC_OPTIMIZATION_LEVEL = 0;
				GCC_PREPROCESSOR_DEFINITIONS = ("'CMAKE_INTDIR=\"$(CONFIGURATION)$(EFFECTIVE_PLATFORM_NAME)\"'","'JUCE_STANDALONE_APPLICATION=1'","'JUCE_DISABLE_JUCE_VERSION_PRINTING=1'","'JUCE_USE_CURL=0'","'JUCE_SILENCE_XCODE_15_LINKER_WARNING=1'","'JUCE_MODULE_AVAILABLE_juce_build_tools=1'","'JUCE_MODULE_AVAILABLE_juce_gui_basics=1'","'JUCE_MODULE_AVAILABLE_juce_graphics=1'","'JUCE_MODULE_AVAILABLE_juce_events=1'","'JUCE_GLOBAL_MODULE_SETTINGS_INCLUDED=1'","'NDEBUG=1'","'_NDEBUG=1'","'JUCE_MODULE_AVAILABLE_juce_core=1'","'JUCE_MODULE_AVAILABLE_juce_data_structures=1'","$(inherited)");
				GCC_SYMBOLS_PRIVATE_EXTERN = NO;
				HEADER_SEARCH_PATHS = ("\"/Users/troycarson/Documents/JUCE Projects/Stepper/build-universal/JUCE/tools/extras/Build/juceaide/juceaide_artefacts/JuceLibraryCode\"","\"/Users/troycarson/Documents/JUCE Projects/PampleTest/JUCE/extras/Build\"","\"/Users/troycarson/Documents/JUCE Projects/PampleTest/JUCE/modules\"","$(inherited)");
				INSTALL_PATH = "";
				ONLY_ACTIVE_ARCH = NO;
				OTHER_CFLAGS = ("-Wall -Wshadow-all -Wshorten-64-to-32 -Wstrict-aliasing -Wuninitialized -Wunused-parameter -Wconversion -Wsign-compare -Wint-conversion -Wconditional-uninitialized -Wconstant-conversion -Wsign-conversion -Wbool-conversion -Wextra-semi -Wunreachable-code -Wcast-align -Wshift-sign-overflow -Wmissing-prototypes -Wnullable-to-nonnull-conversion -Wno-ignored-qualifiers -Wswitch-enum -Wpedantic -Wdeprecated -Wfloat-equal -Wmissing-field-initializers ","$(inherited)");
				OTHER_CPLUSPLUSFLAGS = "'-std=c++17' -Wall -Wshadow-all -Wshorten-64-to-32 -Wstrict-aliasing -Wuninitialized -Wunused-parameter -Wconversion -Wsign-compare -Wint-conversion -Wconditional-uninitialized -Wconstant-conversion -Wsign-conversion -Wbool-conversion -Wextra-semi -Wunreachable-code -Wcast-align -Wshift-sign-overflow -Wmissing-prototypes -Wnullable-to-nonnull-conversion -Wno-ignored-qualifiers -Wswitch-enum -Wpedantic -Wdeprecated -Wfloat-equal -Wmissing-field-initializers -Wzero-as-null-pointer-constant -Wunused-private-field -Woverloaded-virtual -Wreorder -Winconsistent-missing-destructor-override ";
				OTHER_LDFLAGS = (" -Wl,-search_paths_first -Wl,-headerpad_max_install_names","-weak_framework Metal","-weak_framework MetalKit","-framework QuartzCore","-framework Cocoa","-framework Foundation","-framework IOKit","-framework Security","$(inherited)");
				OTHER_REZFLAGS = "";
				PRODUCT_NAME = juceaide;
				SECTORDER_FLAGS = "";
				TARGET_TEMP_DIR = "/Users/troycarson/Documents/JUCE Projects/Stepper/build-universal/JUCE/tools/build/juceaide.build/$(CONFIGURATION)$(EFFECTIVE_PLATFORM_NAME)";
				USE_HEADERMAP = NO;
				WARNING_CFLAGS = ("$(inherited)");
			};
			name = Custom;
		};
		FA82C662A3474732BED0DB0D /* Custom */ = {
			isa = XCBuildConfiguration;
			buildSettings = {
				ALWAYS_SEARCH_USER_PATHS = NO;
				ARCHS = arm64;
				COMBINE_HIDPI_IMAGES = YES;
				GCC_GENERATE_DEBUGGING_SYMBOLS = YES;
				GCC_INLINES_ARE_PRIVATE_EXTERN = NO;
				GCC_OPTIMIZATION_LEVEL = 0;
				GCC_PREPROCESSOR_DEFINITIONS = ("'CMAKE_INTDIR=\"$(CONFIGURATION)$(EFFECTIVE_PLATFORM_NAME)\"'","$(inherited)");
				GCC_SYMBOLS_PRIVATE_EXTERN = NO;
				INSTALL_PATH = "";
				ONLY_ACTIVE_ARCH = NO;
				OTHER_LDFLAGS = ("","$(inherited)");
				OTHER_REZFLAGS = "";
				PRODUCT_NAME = ALL_BUILD;
				SECTORDER_FLAGS = "";
				USE_HEADERMAP = NO;
				WARNING_CFLAGS = ("$(inherited)");
			};
			name = Custom;
		};
/* End XCBuildConfiguration section */

/* Begin XCConfigurationList section */
		29F984C72877473AA8E87AB9 /* Build configuration list for PBXAggregateTarget "install" */ = {
			isa = XCConfigurationList;
			buildConfigurations = (
				0F7A218BF87D4847B5BAC68A /* Custom */,
			);
			defaultConfigurationIsVisible = 0;
			defaultConfigurationName = Custom;
		};
		5A06275D81624347A095B298 /* Build configuration list for PBXAggregateTarget "ZERO_CHECK" */ = {
			isa = XCConfigurationList;
			buildConfigurations = (
				12BA9C403F744AA89457A600 /* Custom */,
			);
			defaultConfigurationIsVisible = 0;
			defaultConfigurationName = Custom;
		};
		8FD5D615CF174EDB980493C0 /* Build configuration list for PBXNativeTarget "juceaide" */ = {
			isa = XCConfigurationList;
			buildConfigurations = (
				6EEFFDF1B298407F8F87A744 /* Custom */,
			);
			defaultConfigurationIsVisible = 0;
			defaultConfigurationName = Custom;
		};
		D8AF8CBA173D404AB9C63FCA /* Build configuration list for PBXAggregateTarget "ALL_BUILD" */ = {
			isa = XCConfigurationList;
			buildConfigurations = (
				FA82C662A3474732BED0DB0D /* Custom */,
			);
			defaultConfigurationIsVisible = 0;
			defaultConfigurationName = Custom;
		};
		FC9B85FB668347B389A4A7DC /* Build configuration list for PBXProject "JUCE" */ = {
			isa = XCConfigurationList;
			buildConfigurations = (
				31ACEEA7BB1945729B8AE3DD /* Custom */,
			);
			defaultConfigurationIsVisible = 0;
			defaultConfigurationName = Custom;
		};
/* End XCConfigurationList section */
	};
	rootObject = 462DDD7DA7D14BF0B96238A1 /* Project object */;
}
